
Microsoft Visual Studio Solution File, Format Version 12.00
# Visual Studio Version 18
VisualStudioVersion = 18.2.11430.68 d18.0
MinimumVisualStudioVersion = 10.0.40219.1
Project("{FAE04EC0-301F-11D3-BF4B-00C04F79EFBC}") = "ASP NET 01. Web App example", "ASP NET 01. Web App example\ASP NET 01. Web App example.csproj", "{50C01C8B-B9B7-4C2B-85BF-CA5246ECBBD2}"
EndProject
Project("{2150E333-8FDC-42A3-9474-1A3956D46DE8}") = "ASP NET 01", "ASP NET 01", "{02EA681E-C7D8-13C7-8484-4AC65E1B71E8}"
EndProject
Project("{FAE04EC0-301F-11D3-BF4B-00C04F79EFBC}") = "ASP NET 01. MVC example", "ASP NET 01. MVC example\ASP NET 01. MVC example.csproj", "{6DF4849A-EFBB-4892-B763-5D0106A619C1}"
EndProject
Project("{FAE04EC0-301F-11D3-BF4B-00C04F79EFBC}") = "ASP NET 01. Web Api example", "ASP NET 01. Web Api example\ASP NET 01. Web Api example.csproj", "{7DEBC650-98FA-49EB-B099-B7273A76D0CA}"
EndProject
Project("{2150E333-8FDC-42A3-9474-1A3956D46DE8}") = "ASP NET 02", "ASP NET 02", "{80F57AD4-8B06-4EAF-B05F-E57F324DF0EF}"
EndProject
Project("{FAE04EC0-301F-11D3-BF4B-00C04F79EFBC}") = "ASP NET 02. Mini HTTP Server", "ASP NET 02. Mini HTTP Server\ASP NET 02. Mini HTTP Server.csproj", "{C465FDEF-B7D3-4190-BB26-A17FAC3D7FEB}"
EndProject
Project("{FAE04EC0-301F-11D3-BF4B-00C04F79EFBC}") = "ASP NET 02. CoR", "ASP NET 02. CoR\ASP NET 02. CoR.csproj", "{2FAC155F-0849-47A0-A611-E44690776537}"
EndProject
Project("{FAE04EC0-301F-11D3-BF4B-00C04F79EFBC}") = "ASP NET 02. Mini ASP", "ASP NET 02. Mini ASP\ASP NET 02. Mini ASP.csproj", "{AC2BED98-4918-4B49-B5AD-E62D21F976DB}"
EndProject
Project("{FAE04EC0-301F-11D3-BF4B-00C04F79EFBC}") = "ASP NET 02. Dependency injection", "ASP NET 02. Dependency injection\ASP NET 02. Dependency injection.csproj", "{1E3C6DC0-1EB7-44F4-A687-9CC38A764F56}"
EndProject
Project("{2150E333-8FDC-42A3-9474-1A3956D46DE8}") = "ASP NET 03", "ASP NET 03", "{534BA917-6701-48B7-9972-C3242930E6CC}"
EndProject
Project("{FAE04EC0-301F-11D3-BF4B-00C04F79EFBC}") = "ASP NET 03. Razor pages - services", "ASP NET 03. Razor pages - services\ASP NET 03. Razor pages - services.csproj", "{A6587353-2C23-4EED-9B53-D4C6E8D1182F}"
EndProject
Project("{FAE04EC0-301F-11D3-BF4B-00C04F79EFBC}") = "ASP NET 03. Razor Pages", "ASP NET 03. Razor Pages\ASP NET 03. Razor Pages.csproj", "{E9771D33-6A21-4038-84AF-45DD6A0767C0}"
EndProject
Project("{FAE04EC0-301F-11D3-BF4B-00C04F79EFBC}") = "ASP NET 03. Razor Pages Product Site", "ASP NET 03. Razor Pages Product Site\ASP NET 03. Razor Pages Product Site.csproj", "{1B42D528-9A7C-490D-AFA9-EE2F5B80AEB7}"
EndProject
Project("{2150E333-8FDC-42A3-9474-1A3956D46DE8}") = "ASP NET 04", "ASP NET 04", "{9322630A-91BF-44FE-A6B8-7609F137D538}"
EndProject
Project("{FAE04EC0-301F-11D3-BF4B-00C04F79EFBC}") = "ASP NET 04. MVC Product site", "ASP NET 04. MVC Product site\ASP NET 04. MVC Product site.csproj", "{7C5B530D-E264-4E30-9445-215FA2B236B2}"
EndProject
Project("{FAE04EC0-301F-11D3-BF4B-00C04F79EFBC}") = "ASP NET 04. MVC Product Site - Scaffold", "ASP NET 04. MVC Product Site - Scaffold\ASP NET 04. MVC Product Site - Scaffold.csproj", "{65244327-0964-424C-88E8-FACD191A6F51}"
EndProject
Project("{2150E333-8FDC-42A3-9474-1A3956D46DE8}") = "ASP NET 05", "ASP NET 05", "{5E268FF4-EBA9-4527-94E7-B8DFF5A6E476}"
EndProject
Project("{FAE04EC0-301F-11D3-BF4B-00C04F79EFBC}") = "ASP NET 05. ASP Filters", "ASP NET 05. ASP Filters\ASP NET 05. ASP Filters.csproj", "{E9FC34B4-2F8C-4934-8CDB-2E12C7A1F6D4}"
EndProject
Project("{FAE04EC0-301F-11D3-BF4B-00C04F79EFBC}") = "ASP NET 05. Html Helpers", "ASP NET 05. Html Helpers\ASP NET 05. Html Helpers.csproj", "{2CE76C7D-0521-4E4E-925D-3A61D5B7902A}"
EndProject
Project("{2150E333-8FDC-42A3-9474-1A3956D46DE8}") = "ASP NET 06", "ASP NET 06", "{E433CC04-71B8-4BB9-9725-96302997C703}"
EndProject
Project("{FAE04EC0-301F-11D3-BF4B-00C04F79EFBC}") = "ASP NET 06. Pagination Filtering Ordering", "ASP NET 06. Pagination Filtering Ordering\ASP NET 06. Pagination Filtering Ordering.csproj", "{4719F006-408C-40E7-B7AB-EF7871CC2D68}"
EndProject
Project("{2150E333-8FDC-42A3-9474-1A3956D46DE8}") = "ASP NET 07", "ASP NET 07", "{20C8F6C9-6CAA-487C-B4D5-AFCD4D36C754}"
EndProject
Project("{FAE04EC0-301F-11D3-BF4B-00C04F79EFBC}") = "ASP NET 07. TaskFlow Introduction", "ASP NET 07. TaskFlow Introduction\ASP NET 07. TaskFlow Introduction.csproj", "{353550F1-430C-404A-BAA2-9E4E8B4F3714}"
EndProject
Project("{2150E333-8FDC-42A3-9474-1A3956D46DE8}") = "ASP NET 08", "ASP NET 08", "{85D52282-3D6D-43EB-8D04-9E6E00CD2E34}"
EndProject
Project("{FAE04EC0-301F-11D3-BF4B-00C04F79EFBC}") = "ASP NET 08. TaskFlow DTO", "ASP NET 08. TaskFlow DTO\ASP NET 08. TaskFlow DTO.csproj", "{4F5C0468-5D1C-4B48-890E-CD50A4453699}"
EndProject
Project("{2150E333-8FDC-42A3-9474-1A3956D46DE8}") = "ASP NET 09", "ASP NET 09", "{B03C4D6D-A2D6-485D-A7A4-F80F3FBD6BBA}"
EndProject
Project("{FAE04EC0-301F-11D3-BF4B-00C04F79EFBC}") = "ASP NET 09. TaskFlow AutoMapper", "ASP NET 09. TaskFlow AutoMapper\ASP NET 09. TaskFlow AutoMapper.csproj", "{B21C377C-726B-4A94-8219-F6B465F27EFC}"
EndProject
Project("{FAE04EC0-301F-11D3-BF4B-00C04F79EFBC}") = "ASP NET 09. TaskFlow Swagger Documentation", "ASP NET 09. TaskFlow Swagger Documentation\ASP NET 09. TaskFlow Swagger Documentation.csproj", "{D6616516-6A45-4A80-8933-13D228943F7A}"
EndProject
Project("{2150E333-8FDC-42A3-9474-1A3956D46DE8}") = "ASP NET 10", "ASP NET 10", "{DFA6687D-3B2C-4F49-9306-2613FE04146F}"
EndProject
Project("{FAE04EC0-301F-11D3-BF4B-00C04F79EFBC}") = "ASP NET 10. TaskFlow Pagnation Filtering Ordering", "ASP NET 10. TaskFlow Pagnation Filtering Ordering\ASP NET 10. TaskFlow Pagnation Filtering Ordering.csproj", "{99691BA5-0E21-4334-A483-5603998F20AE}"
EndProject
Project("{2150E333-8FDC-42A3-9474-1A3956D46DE8}") = "ASP NET 11", "ASP NET 11", "{7E7473C8-434D-4CB7-A698-8DA4067CDC15}"
EndProject
Project("{FAE04EC0-301F-11D3-BF4B-00C04F79EFBC}") = "ASP NET 11. TaskFlow Fluent Validation Global Exception handler", "ASP NET 11. TaskFlow Fluent Validation Global Exception handler\ASP NET 11. TaskFlow Fluent Validation Global Exception handler.csproj", "{DDA72047-370C-4AFB-BCBF-B2098EC4287F}"
EndProject
Project("{2150E333-8FDC-42A3-9474-1A3956D46DE8}") = "ASP NET 12", "ASP NET 12", "{72974EB9-E14B-4506-A575-F87AE3281DA7}"
EndProject
Project("{FAE04EC0-301F-11D3-BF4B-00C04F79EFBC}") = "ASP NET 12. TaskFlow Authentication and Authorizaton", "ASP NET 12. TaskFlow Authentication and Authorizaton\ASP NET 12. TaskFlow Authentication and Authorizaton.csproj", "{EB627C26-2D17-4C5E-87F8-3BBB9F9102B1}"
EndProject
Project("{FAE04EC0-301F-11D3-BF4B-00C04F79EFBC}") = "ASP NET 14. TaskFlow Refresh Token", "ASP NET 14. TaskFlow Refresh Token\ASP NET 14. TaskFlow Refresh Token.csproj", "{A4BA4A68-FF32-470F-8D4D-080153BF80F2}"
EndProject
Project("{2150E333-8FDC-42A3-9474-1A3956D46DE8}") = "ASP NET 14", "ASP NET 14", "{CEB19FB1-E47A-4294-B620-A8E6961FCA42}"
EndProject
Project("{2150E333-8FDC-42A3-9474-1A3956D46DE8}") = "ASP NET 16", "ASP NET 16", "{D5AF4ED8-2739-4A3F-82EA-574C4C48D15A}"
EndProject
Project("{FAE04EC0-301F-11D3-BF4B-00C04F79EFBC}") = "ASP NET 16. TaskFlow Resource Based Authorization", "ASP NET 16. TaskFlow Resource Based Authorization\ASP NET 16. TaskFlow Resource Based Authorization.csproj", "{DA8D6B59-4E66-4B38-BB2C-017FB6BC9541}"
EndProject
Project("{2150E333-8FDC-42A3-9474-1A3956D46DE8}") = "ASP NET 18", "ASP NET 18", "{600E80F4-94C6-4BE8-8DD9-67EE317EF0F5}"
EndProject
Project("{FAE04EC0-301F-11D3-BF4B-00C04F79EFBC}") = "ASP NET 18. TaskFlow Refactoring", "ASP NET 18. TaskFlow Refactoring\ASP NET 18. TaskFlow Refactoring.csproj", "{23ED523F-6597-4503-9E77-ADEE59FC86C4}"
EndProject
Project("{2150E333-8FDC-42A3-9474-1A3956D46DE8}") = "ASP NET 19", "ASP NET 19", "{197D552E-8AC7-4EF1-B445-AD00F91173BB}"
EndProject
Project("{FAE04EC0-301F-11D3-BF4B-00C04F79EFBC}") = "ASP NET 19. TaskFlow Files", "ASP NET 19. TaskFlow Files\ASP NET 19. TaskFlow Files.csproj", "{CEDCC408-621D-48D0-857E-B9E569BDB86B}"
EndProject
Project("{2150E333-8FDC-42A3-9474-1A3956D46DE8}") = "ASP NET 20", "ASP NET 20", "{A0A4EB17-6507-4543-B3DB-A34A9A8A65F2}"
EndProject
Project("{2150E333-8FDC-42A3-9474-1A3956D46DE8}") = "TaskFlow Layered", "TaskFlow Layered", "{B1B5FC28-7618-4644-C4EC-B45B0B9B76F3}"
EndProject
Project("{FAE04EC0-301F-11D3-BF4B-00C04F79EFBC}") = "ASP NET 20. TaskFlow.Models", "ASP NET 20. TaskFlow Layered\ASP NET 20. TaskFlow.Models\ASP NET 20. TaskFlow.Models.csproj", "{E2F20639-F398-4948-9E11-21C3FDF4E5D2}"
EndProject
Project("{FAE04EC0-301F-11D3-BF4B-00C04F79EFBC}") = "ASP NET 20. TaskFlow.Data", "ASP NET 20. TaskFlow Layered\ASP NET 20. TaskFlow.Data\ASP NET 20. TaskFlow.Data.csproj", "{698B993E-E8BB-4F23-93EC-20E83327661A}"
EndProject
Project("{FAE04EC0-301F-11D3-BF4B-00C04F79EFBC}") = "ASP NET 20. TaskFlow.DAL", "ASP NET 20. TaskFlow Layered\ASP NET 20. TaskFlow.DAL\ASP NET 20. TaskFlow.DAL.csproj", "{C4BD8E36-851B-4C1D-B657-C3D7EB72D3B8}"
EndProject
Project("{FAE04EC0-301F-11D3-BF4B-00C04F79EFBC}") = "ASP NET 20. TaskFlow.BLL", "ASP NET 20. TaskFlow Layered\ASP NET 20. TaskFlow.BLL\ASP NET 20. TaskFlow.BLL.csproj", "{B5C5096C-06C1-6C71-C044-54F6BFA7A8B5}"
EndProject
Project("{FAE04EC0-301F-11D3-BF4B-00C04F79EFBC}") = "ASP NET 20. TaskFlow.API", "ASP NET 20. TaskFlow Layered\ASP NET 20. TaskFlow.API\ASP NET 20. TaskFlow.API.csproj", "{EAA32840-2E06-4151-BE01-36DA44E2ABED}"
EndProject
Project("{2150E333-8FDC-42A3-9474-1A3956D46DE8}") = "ASP NET 21", "ASP NET 21", "{C1D8E901-1111-4A21-9F01-111111111111}"
EndProject
Project("{2150E333-8FDC-42A3-9474-1A3956D46DE8}") = "TaskFlow Onion", "TaskFlow Onion", "{C1D8E902-2222-4A21-9F02-222222222222}"
EndProject
Project("{FAE04EC0-301F-11D3-BF4B-00C04F79EFBC}") = "TaskFlow.Domain", "ASP NET 21. TaskFlow Onion\TaskFlow.Domain\TaskFlow.Domain.csproj", "{C1D8E903-3333-4A21-9F03-333333333333}"
EndProject
Project("{FAE04EC0-301F-11D3-BF4B-00C04F79EFBC}") = "TaskFlow.Application", "ASP NET 21. TaskFlow Onion\TaskFlow.Application\TaskFlow.Application.csproj", "{C1D8E904-4444-4A21-9F04-444444444444}"
EndProject
Project("{FAE04EC0-301F-11D3-BF4B-00C04F79EFBC}") = "TaskFlow.Infrastructure", "ASP NET 21. TaskFlow Onion\TaskFlow.Infrastructure\TaskFlow.Infrastructure.csproj", "{C1D8E905-5555-4A21-9F05-555555555555}"
EndProject
Project("{FAE04EC0-301F-11D3-BF4B-00C04F79EFBC}") = "TaskFlow.Api", "ASP NET 21. TaskFlow Onion\TaskFlow.Api\TaskFlow.Api.csproj", "{C1D8E906-6666-4A21-9F06-666666666666}"
EndProject
Global
	GlobalSection(SolutionConfigurationPlatforms) = preSolution
		Debug|Any CPU = Debug|Any CPU
		Release|Any CPU = Release|Any CPU
	EndGlobalSection
	GlobalSection(ProjectConfigurationPlatforms) = postSolution
		{50C01C8B-B9B7-4C2B-85BF-CA5246ECBBD2}.Debug|Any CPU.ActiveCfg = Debug|Any CPU
		{50C01C8B-B9B7-4C2B-85BF-CA5246ECBBD2}.Debug|Any CPU.Build.0 = Debug|Any CPU
		{50C01C8B-B9B7-4C2B-85BF-CA5246ECBBD2}.Release|Any CPU.ActiveCfg = Release|Any CPU
		{50C01C8B-B9B7-4C2B-85BF-CA5246ECBBD2}.Release|Any CPU.Build.0 = Release|Any CPU
		{6DF4849A-EFBB-4892-B763-5D0106A619C1}.Debug|Any CPU.ActiveCfg = Debug|Any CPU
		{6DF4849A-EFBB-4892-B763-5D0106A619C1}.Debug|Any CPU.Build.0 = Debug|Any CPU
		{6DF4849A-EFBB-4892-B763-5D0106A619C1}.Release|Any CPU.ActiveCfg = Release|Any CPU
		{6DF4849A-EFBB-4892-B763-5D0106A619C1}.Release|Any CPU.Build.0 = Release|Any CPU
		{7DEBC650-98FA-49EB-B099-B7273A76D0CA}.Debug|Any CPU.ActiveCfg = Debug|Any CPU
		{7DEBC650-98FA-49EB-B099-B7273A76D0CA}.Debug|Any CPU.Build.0 = Debug|Any CPU
		{7DEBC650-98FA-49EB-B099-B7273A76D0CA}.Release|Any CPU.ActiveCfg = Release|Any CPU
		{7DEBC650-98FA-49EB-B099-B7273A76D0CA}.Release|Any CPU.Build.0 = Release|Any CPU
		{C465FDEF-B7D3-4190-BB26-A17FAC3D7FEB}.Debug|Any CPU.ActiveCfg = Debug|Any CPU
		{C465FDEF-B7D3-4190-BB26-A17FAC3D7FEB}.Debug|Any CPU.Build.0 = Debug|Any CPU
		{C465FDEF-B7D3-4190-BB26-A17FAC3D7FEB}.Release|Any CPU.ActiveCfg = Release|Any CPU
		{C465FDEF-B7D3-4190-BB26-A17FAC3D7FEB}.Release|Any CPU.Build.0 = Release|Any CPU
		{2FAC155F-0849-47A0-A611-E44690776537}.Debug|Any CPU.ActiveCfg = Debug|Any CPU
		{2FAC155F-0849-47A0-A611-E44690776537}.Debug|Any CPU.Build.0 = Debug|Any CPU
		{2FAC155F-0849-47A0-A611-E44690776537}.Release|Any CPU.ActiveCfg = Release|Any CPU
		{2FAC155F-0849-47A0-A611-E44690776537}.Release|Any CPU.Build.0 = Release|Any CPU
		{AC2BED98-4918-4B49-B5AD-E62D21F976DB}.Debug|Any CPU.ActiveCfg = Debug|Any CPU
		{AC2BED98-4918-4B49-B5AD-E62D21F976DB}.Debug|Any CPU.Build.0 = Debug|Any CPU
		{AC2BED98-4918-4B49-B5AD-E62D21F976DB}.Release|Any CPU.ActiveCfg = Release|Any CPU
		{AC2BED98-4918-4B49-B5AD-E62D21F976DB}.Release|Any CPU.Build.0 = Release|Any CPU
		{1E3C6DC0-1EB7-44F4-A687-9CC38A764F56}.Debug|Any CPU.ActiveCfg = Debug|Any CPU
		{1E3C6DC0-1EB7-44F4-A687-9CC38A764F56}.Debug|Any CPU.Build.0 = Debug|Any CPU
		{1E3C6DC0-1EB7-44F4-A687-9CC38A764F56}.Release|Any CPU.ActiveCfg = Release|Any CPU
		{1E3C6DC0-1EB7-44F4-A687-9CC38A764F56}.Release|Any CPU.Build.0 = Release|Any CPU
		{A6587353-2C23-4EED-9B53-D4C6E8D1182F}.Debug|Any CPU.ActiveCfg = Debug|Any CPU
		{A6587353-2C23-4EED-9B53-D4C6E8D1182F}.Debug|Any CPU.Build.0 = Debug|Any CPU
		{A6587353-2C23-4EED-9B53-D4C6E8D1182F}.Release|Any CPU.ActiveCfg = Release|Any CPU
		{A6587353-2C23-4EED-9B53-D4C6E8D1182F}.Release|Any CPU.Build.0 = Release|Any CPU
		{E9771D33-6A21-4038-84AF-45DD6A0767C0}.Debug|Any CPU.ActiveCfg = Debug|Any CPU
		{E9771D33-6A21-4038-84AF-45DD6A0767C0}.Debug|Any CPU.Build.0 = Debug|Any CPU
		{E9771D33-6A21-4038-84AF-45DD6A0767C0}.Release|Any CPU.ActiveCfg = Release|Any CPU
		{E9771D33-6A21-4038-84AF-45DD6A0767C0}.Release|Any CPU.Build.0 = Release|Any CPU
		{1B42D528-9A7C-490D-AFA9-EE2F5B80AEB7}.Debug|Any CPU.ActiveCfg = Debug|Any CPU
		{1B42D528-9A7C-490D-AFA9-EE2F5B80AEB7}.Debug|Any CPU.Build.0 = Debug|Any CPU
		{1B42D528-9A7C-490D-AFA9-EE2F5B80AEB7}.Release|Any CPU.ActiveCfg = Release|Any CPU
		{1B42D528-9A7C-490D-AFA9-EE2F5B80AEB7}.Release|Any CPU.Build.0 = Release|Any CPU
		{7C5B530D-E264-4E30-9445-215FA2B236B2}.Debug|Any CPU.ActiveCfg = Debug|Any CPU
		{7C5B530D-E264-4E30-9445-215FA2B236B2}.Debug|Any CPU.Build.0 = Debug|Any CPU
		{7C5B530D-E264-4E30-9445-215FA2B236B2}.Release|Any CPU.ActiveCfg = Release|Any CPU
		{7C5B530D-E264-4E30-9445-215FA2B236B2}.Release|Any CPU.Build.0 = Release|Any CPU
		{65244327-0964-424C-88E8-FACD191A6F51}.Debug|Any CPU.ActiveCfg = Debug|Any CPU
		{65244327-0964-424C-88E8-FACD191A6F51}.Debug|Any CPU.Build.0 = Debug|Any CPU
		{65244327-0964-424C-88E8-FACD191A6F51}.Release|Any CPU.ActiveCfg = Release|Any CPU
		{65244327-0964-424C-88E8-FACD191A6F51}.Release|Any CPU.Build.0 = Release|Any CPU
		{E9FC34B4-2F8C-4934-8CDB-2E12C7A1F6D4}.Debug|Any CPU.ActiveCfg = Debug|Any CPU
		{E9FC34B4-2F8C-4934-8CDB-2E12C7A1F6D4}.Debug|Any CPU.Build.0 = Debug|Any CPU
		{E9FC34B4-2F8C-4934-8CDB-2E12C7A1F6D4}.Release|Any CPU.ActiveCfg = Release|Any CPU
		{E9FC34B4-2F8C-4934-8CDB-2E12C7A1F6D4}.Release|Any CPU.Build.0 = Release|Any CPU
		{2CE76C7D-0521-4E4E-925D-3A61D5B7902A}.Debug|Any CPU.ActiveCfg = Debug|Any CPU
		{2CE76C7D-0521-4E4E-925D-3A61D5B7902A}.Debug|Any CPU.Build.0 = Debug|Any CPU
		{2CE76C7D-0521-4E4E-925D-3A61D5B7902A}.Release|Any CPU.ActiveCfg = Release|Any CPU
		{2CE76C7D-0521-4E4E-925D-3A61D5B7902A}.Release|Any CPU.Build.0 = Release|Any CPU
		{4719F006-408C-40E7-B7AB-EF7871CC2D68}.Debug|Any CPU.ActiveCfg = Debug|Any CPU
		{4719F006-408C-40E7-B7AB-EF7871CC2D68}.Debug|Any CPU.Build.0 = Debug|Any CPU
		{4719F006-408C-40E7-B7AB-EF7871CC2D68}.Release|Any CPU.ActiveCfg = Release|Any CPU
		{4719F006-408C-40E7-B7AB-EF7871CC2D68}.Release|Any CPU.Build.0 = Release|Any CPU
		{353550F1-430C-404A-BAA2-9E4E8B4F3714}.Debug|Any CPU.ActiveCfg = Debug|Any CPU
		{353550F1-430C-404A-BAA2-9E4E8B4F3714}.Debug|Any CPU.Build.0 = Debug|Any CPU
		{353550F1-430C-404A-BAA2-9E4E8B4F3714}.Release|Any CPU.ActiveCfg = Release|Any CPU
		{353550F1-430C-404A-BAA2-9E4E8B4F3714}.Release|Any CPU.Build.0 = Release|Any CPU
		{4F5C0468-5D1C-4B48-890E-CD50A4453699}.Debug|Any CPU.ActiveCfg = Debug|Any CPU
		{4F5C0468-5D1C-4B48-890E-CD50A4453699}.Debug|Any CPU.Build.0 = Debug|Any CPU
		{4F5C0468-5D1C-4B48-890E-CD50A4453699}.Release|Any CPU.ActiveCfg = Release|Any CPU
		{4F5C0468-5D1C-4B48-890E-CD50A4453699}.Release|Any CPU.Build.0 = Release|Any CPU
		{B21C377C-726B-4A94-8219-F6B465F27EFC}.Debug|Any CPU.ActiveCfg = Debug|Any CPU
		{B21C377C-726B-4A94-8219-F6B465F27EFC}.Debug|Any CPU.Build.0 = Debug|Any CPU
		{B21C377C-726B-4A94-8219-F6B465F27EFC}.Release|Any CPU.ActiveCfg = Release|Any CPU
		{B21C377C-726B-4A94-8219-F6B465F27EFC}.Release|Any CPU.Build.0 = Release|Any CPU
		{D6616516-6A45-4A80-8933-13D228943F7A}.Debug|Any CPU.ActiveCfg = Debug|Any CPU
		{D6616516-6A45-4A80-8933-13D228943F7A}.Debug|Any CPU.Build.0 = Debug|Any CPU
		{D6616516-6A45-4A80-8933-13D228943F7A}.Release|Any CPU.ActiveCfg = Release|Any CPU
		{D6616516-6A45-4A80-8933-13D228943F7A}.Release|Any CPU.Build.0 = Release|Any CPU
		{99691BA5-0E21-4334-A483-5603998F20AE}.Debug|Any CPU.ActiveCfg = Debug|Any CPU
		{99691BA5-0E21-4334-A483-5603998F20AE}.Debug|Any CPU.Build.0 = Debug|Any CPU
		{99691BA5-0E21-4334-A483-5603998F20AE}.Release|Any CPU.ActiveCfg = Release|Any CPU
		{99691BA5-0E21-4334-A483-5603998F20AE}.Release|Any CPU.Build.0 = Release|Any CPU
		{DDA72047-370C-4AFB-BCBF-B2098EC4287F}.Debug|Any CPU.ActiveCfg = Debug|Any CPU
		{DDA72047-370C-4AFB-BCBF-B2098EC4287F}.Debug|Any CPU.Build.0 = Debug|Any CPU
		{DDA72047-370C-4AFB-BCBF-B2098EC4287F}.Release|Any CPU.ActiveCfg = Release|Any CPU
		{DDA72047-370C-4AFB-BCBF-B2098EC4287F}.Release|Any CPU.Build.0 = Release|Any CPU
		{EB627C26-2D17-4C5E-87F8-3BBB9F9102B1}.Debug|Any CPU.ActiveCfg = Debug|Any CPU
		{EB627C26-2D17-4C5E-87F8-3BBB9F9102B1}.Debug|Any CPU.Build.0 = Debug|Any CPU
		{EB627C26-2D17-4C5E-87F8-3BBB9F9102B1}.Release|Any CPU.ActiveCfg = Release|Any CPU
		{EB627C26-2D17-4C5E-87F8-3BBB9F9102B1}.Release|Any CPU.Build.0 = Release|Any CPU
		{A4BA4A68-FF32-470F-8D4D-080153BF80F2}.Debug|Any CPU.ActiveCfg = Debug|Any CPU
		{A4BA4A68-FF32-470F-8D4D-080153BF80F2}.Debug|Any CPU.Build.0 = Debug|Any CPU
		{A4BA4A68-FF32-470F-8D4D-080153BF80F2}.Release|Any CPU.ActiveCfg = Release|Any CPU
		{A4BA4A68-FF32-470F-8D4D-080153BF80F2}.Release|Any CPU.Build.0 = Release|Any CPU
		{DA8D6B59-4E66-4B38-BB2C-017FB6BC9541}.Debug|Any CPU.ActiveCfg = Debug|Any CPU
		{DA8D6B59-4E66-4B38-BB2C-017FB6BC9541}.Debug|Any CPU.Build.0 = Debug|Any CPU
		{DA8D6B59-4E66-4B38-BB2C-017FB6BC9541}.Release|Any CPU.ActiveCfg = Release|Any CPU
		{DA8D6B59-4E66-4B38-BB2C-017FB6BC9541}.Release|Any CPU.Build.0 = Release|Any CPU
		{23ED523F-6597-4503-9E77-ADEE59FC86C4}.Debug|Any CPU.ActiveCfg = Debug|Any CPU
		{23ED523F-6597-4503-9E77-ADEE59FC86C4}.Debug|Any CPU.Build.0 = Debug|Any CPU
		{23ED523F-6597-4503-9E77-ADEE59FC86C4}.Release|Any CPU.ActiveCfg = Release|Any CPU
		{23ED523F-6597-4503-9E77-ADEE59FC86C4}.Release|Any CPU.Build.0 = Release|Any CPU
		{CEDCC408-621D-48D0-857E-B9E569BDB86B}.Debug|Any CPU.ActiveCfg = Debug|Any CPU
		{CEDCC408-621D-48D0-857E-B9E569BDB86B}.Debug|Any CPU.Build.0 = Debug|Any CPU
		{CEDCC408-621D-48D0-857E-B9E569BDB86B}.Release|Any CPU.ActiveCfg = Release|Any CPU
		{CEDCC408-621D-48D0-857E-B9E569BDB86B}.Release|Any CPU.Build.0 = Release|Any CPU
		{E2F20639-F398-4948-9E11-21C3FDF4E5D2}.Debug|Any CPU.ActiveCfg = Debug|Any CPU
		{E2F20639-F398-4948-9E11-21C3FDF4E5D2}.Debug|Any CPU.Build.0 = Debug|Any CPU
		{E2F20639-F398-4948-9E11-21C3FDF4E5D2}.Release|Any CPU.ActiveCfg = Release|Any CPU
		{E2F20639-F398-4948-9E11-21C3FDF4E5D2}.Release|Any CPU.Build.0 = Release|Any CPU
		{698B993E-E8BB-4F23-93EC-20E83327661A}.Debug|Any CPU.ActiveCfg = Debug|Any CPU
		{698B993E-E8BB-4F23-93EC-20E83327661A}.Debug|Any CPU.Build.0 = Debug|Any CPU
		{698B993E-E8BB-4F23-93EC-20E83327661A}.Release|Any CPU.ActiveCfg = Release|Any CPU
		{698B993E-E8BB-4F23-93EC-20E83327661A}.Release|Any CPU.Build.0 = Release|Any CPU
		{C4BD8E36-851B-4C1D-B657-C3D7EB72D3B8}.Debug|Any CPU.ActiveCfg = Debug|Any CPU
		{C4BD8E36-851B-4C1D-B657-C3D7EB72D3B8}.Debug|Any CPU.Build.0 = Debug|Any CPU
		{C4BD8E36-851B-4C1D-B657-C3D7EB72D3B8}.Release|Any CPU.ActiveCfg = Release|Any CPU
		{C4BD8E36-851B-4C1D-B657-C3D7EB72D3B8}.Release|Any CPU.Build.0 = Release|Any CPU
		{B5C5096C-06C1-6C71-C044-54F6BFA7A8B5}.Debug|Any CPU.ActiveCfg = Debug|Any CPU
		{B5C5096C-06C1-6C71-C044-54F6BFA7A8B5}.Debug|Any CPU.Build.0 = Debug|Any CPU
		{B5C5096C-06C1-6C71-C044-54F6BFA7A8B5}.Release|Any CPU.ActiveCfg = Release|Any CPU
		{B5C5096C-06C1-6C71-C044-54F6BFA7A8B5}.Release|Any CPU.Build.0 = Release|Any CPU
		{EAA32840-2E06-4151-BE01-36DA44E2ABED}.Debug|Any CPU.ActiveCfg = Debug|Any CPU
		{EAA32840-2E06-4151-BE01-36DA44E2ABED}.Debug|Any CPU.Build.0 = Debug|Any CPU
		{EAA32840-2E06-4151-BE01-36DA44E2ABED}.Release|Any CPU.ActiveCfg = Release|Any CPU
		{EAA32840-2E06-4151-BE01-36DA44E2ABED}.Release|Any CPU.Build.0 = Release|Any CPU
		{C1D8E903-3333-4A21-9F03-333333333333}.Debug|Any CPU.ActiveCfg = Debug|Any CPU
		{C1D8E903-3333-4A21-9F03-333333333333}.Debug|Any CPU.Build.0 = Debug|Any CPU
		{C1D8E903-3333-4A21-9F03-333333333333}.Release|Any CPU.ActiveCfg = Release|Any CPU
		{C1D8E903-3333-4A21-9F03-333333333333}.Release|Any CPU.Build.0 = Release|Any CPU
		{C1D8E904-4444-4A21-9F04-444444444444}.Debug|Any CPU.ActiveCfg = Debug|Any CPU
		{C1D8E904-4444-4A21-9F04-444444444444}.Debug|Any CPU.Build.0 = Debug|Any CPU
		{C1D8E904-4444-4A21-9F04-444444444444}.Release|Any CPU.ActiveCfg = Release|Any CPU
		{C1D8E904-4444-4A21-9F04-444444444444}.Release|Any CPU.Build.0 = Release|Any CPU
		{C1D8E905-5555-4A21-9F05-555555555555}.Debug|Any CPU.ActiveCfg = Debug|Any CPU
		{C1D8E905-5555-4A21-9F05-555555555555}.Debug|Any CPU.Build.0 = Debug|Any CPU
		{C1D8E905-5555-4A21-9F05-555555555555}.Release|Any CPU.ActiveCfg = Release|Any CPU
		{C1D8E905-5555-4A21-9F05-555555555555}.Release|Any CPU.Build.0 = Release|Any CPU
		{C1D8E906-6666-4A21-9F06-666666666666}.Debug|Any CPU.ActiveCfg = Debug|Any CPU
		{C1D8E906-6666-4A21-9F06-666666666666}.Debug|Any CPU.Build.0 = Debug|Any CPU
		{C1D8E906-6666-4A21-9F06-666666666666}.Release|Any CPU.ActiveCfg = Release|Any CPU
		{C1D8E906-6666-4A21-9F06-666666666666}.Release|Any CPU.Build.0 = Release|Any CPU
	EndGlobalSection
	GlobalSection(SolutionProperties) = preSolution
		HideSolutionNode = FALSE
	EndGlobalSection
	GlobalSection(NestedProjects) = preSolution
		{50C01C8B-B9B7-4C2B-85BF-CA5246ECBBD2} = {02EA681E-C7D8-13C7-8484-4AC65E1B71E8}
		{6DF4849A-EFBB-4892-B763-5D0106A619C1} = {02EA681E-C7D8-13C7-8484-4AC65E1B71E8}
		{7DEBC650-98FA-49EB-B099-B7273A76D0CA} = {02EA681E-C7D8-13C7-8484-4AC65E1B71E8}
		{80F57AD4-8B06-4EAF-B05F-E57F324DF0EF} = {534BA917-6701-48B7-9972-C3242930E6CC}
		{C465FDEF-B7D3-4190-BB26-A17FAC3D7FEB} = {80F57AD4-8B06-4EAF-B05F-E57F324DF0EF}
		{2FAC155F-0849-47A0-A611-E44690776537} = {80F57AD4-8B06-4EAF-B05F-E57F324DF0EF}
		{AC2BED98-4918-4B49-B5AD-E62D21F976DB} = {80F57AD4-8B06-4EAF-B05F-E57F324DF0EF}
		{1E3C6DC0-1EB7-44F4-A687-9CC38A764F56} = {80F57AD4-8B06-4EAF-B05F-E57F324DF0EF}
		{A6587353-2C23-4EED-9B53-D4C6E8D1182F} = {534BA917-6701-48B7-9972-C3242930E6CC}
		{E9771D33-6A21-4038-84AF-45DD6A0767C0} = {534BA917-6701-48B7-9972-C3242930E6CC}
		{1B42D528-9A7C-490D-AFA9-EE2F5B80AEB7} = {534BA917-6701-48B7-9972-C3242930E6CC}
		{7C5B530D-E264-4E30-9445-215FA2B236B2} = {9322630A-91BF-44FE-A6B8-7609F137D538}
		{65244327-0964-424C-88E8-FACD191A6F51} = {9322630A-91BF-44FE-A6B8-7609F137D538}
		{E9FC34B4-2F8C-4934-8CDB-2E12C7A1F6D4} = {5E268FF4-EBA9-4527-94E7-B8DFF5A6E476}
		{2CE76C7D-0521-4E4E-925D-3A61D5B7902A} = {5E268FF4-EBA9-4527-94E7-B8DFF5A6E476}
		{4719F006-408C-40E7-B7AB-EF7871CC2D68} = {E433CC04-71B8-4BB9-9725-96302997C703}
		{353550F1-430C-404A-BAA2-9E4E8B4F3714} = {20C8F6C9-6CAA-487C-B4D5-AFCD4D36C754}
		{4F5C0468-5D1C-4B48-890E-CD50A4453699} = {85D52282-3D6D-43EB-8D04-9E6E00CD2E34}
		{B21C377C-726B-4A94-8219-F6B465F27EFC} = {B03C4D6D-A2D6-485D-A7A4-F80F3FBD6BBA}
		{D6616516-6A45-4A80-8933-13D228943F7A} = {B03C4D6D-A2D6-485D-A7A4-F80F3FBD6BBA}
		{99691BA5-0E21-4334-A483-5603998F20AE} = {DFA6687D-3B2C-4F49-9306-2613FE04146F}
		{DDA72047-370C-4AFB-BCBF-B2098EC4287F} = {7E7473C8-434D-4CB7-A698-8DA4067CDC15}
		{EB627C26-2D17-4C5E-87F8-3BBB9F9102B1} = {72974EB9-E14B-4506-A575-F87AE3281DA7}
		{A4BA4A68-FF32-470F-8D4D-080153BF80F2} = {CEB19FB1-E47A-4294-B620-A8E6961FCA42}
		{DA8D6B59-4E66-4B38-BB2C-017FB6BC9541} = {D5AF4ED8-2739-4A3F-82EA-574C4C48D15A}
		{23ED523F-6597-4503-9E77-ADEE59FC86C4} = {600E80F4-94C6-4BE8-8DD9-67EE317EF0F5}
		{CEDCC408-621D-48D0-857E-B9E569BDB86B} = {197D552E-8AC7-4EF1-B445-AD00F91173BB}
		{B1B5FC28-7618-4644-C4EC-B45B0B9B76F3} = {A0A4EB17-6507-4543-B3DB-A34A9A8A65F2}
		{E2F20639-F398-4948-9E11-21C3FDF4E5D2} = {B1B5FC28-7618-4644-C4EC-B45B0B9B76F3}
		{698B993E-E8BB-4F23-93EC-20E83327661A} = {B1B5FC28-7618-4644-C4EC-B45B0B9B76F3}
		{C4BD8E36-851B-4C1D-B657-C3D7EB72D3B8} = {B1B5FC28-7618-4644-C4EC-B45B0B9B76F3}
		{B5C5096C-06C1-6C71-C044-54F6BFA7A8B5} = {B1B5FC28-7618-4644-C4EC-B45B0B9B76F3}
		{EAA32840-2E06-4151-BE01-36DA44E2ABED} = {B1B5FC28-7618-4644-C4EC-B45B0B9B76F3}
		{C1D8E902-2222-4A21-9F02-222222222222} = {C1D8E901-1111-4A21-9F01-111111111111}
		{C1D8E903-3333-4A21-9F03-333333333333} = {C1D8E902-2222-4A21-9F02-222222222222}
		{C1D8E904-4444-4A21-9F04-444444444444} = {C1D8E902-2222-4A21-9F02-222222222222}
		{C1D8E905-5555-4A21-9F05-555555555555} = {C1D8E902-2222-4A21-9F02-222222222222}
		{C1D8E906-6666-4A21-9F06-666666666666} = {C1D8E902-2222-4A21-9F02-222222222222}
	EndGlobalSection
	GlobalSection(ExtensibilityGlobals) = postSolution
		SolutionGuid = {497B41C6-99E9-4EFF-B1E0-382CB277FD5D}
	EndGlobalSection
EndGlobal
