
Microsoft Visual Studio Solution File, Format Version 12.00
# Visual Studio Version 17
VisualStudioVersion = 17.13.35825.156
MinimumVisualStudioVersion = 10.0.40219.1
Project("{FAE04EC0-301F-11D3-BF4B-00C04F79EFBC}") = "ASP NET 01. Web App example", "ASP NET 01. Web App example\ASP NET 01. Web App example.csproj", "{50C01C8B-B9B7-4C2B-85BF-CA5246ECBBD2}"
EndProject
Project("{2150E333-8FDC-42A3-9474-1A3956D46DE8}") = "ASP NET 01", "ASP NET 01", "{02EA681E-C7D8-13C7-8484-4AC65E1B71E8}"
EndProject
Project("{FAE04EC0-301F-11D3-BF4B-00C04F79EFBC}") = "ASP NET 01. MVC example", "ASP NET 01. MVC example\ASP NET 01. MVC example.csproj", "{6DF4849A-EFBB-4892-B763-5D0106A619C1}"
EndProject
Project("{FAE04EC0-301F-11D3-BF4B-00C04F79EFBC}") = "ASP NET 01. Web Api example", "ASP NET 01. Web Api example\ASP NET 01. Web Api example.csproj", "{7DEBC650-98FA-49EB-B099-B7273A76D0CA}"
EndProject
Project("{2150E333-8FDC-42A3-9474-1A3956D46DE8}") = "ASP NET 02", "ASP NET 02", "{80F57AD4-8B06-4EAF-B05F-E57F324DF0EF}"
EndProject
Project("{FAE04EC0-301F-11D3-BF4B-00C04F79EFBC}") = "ASP NET 02. Mini HTTP Server", "ASP NET 02. Mini HTTP Server\ASP NET 02. Mini HTTP Server.csproj", "{C465FDEF-B7D3-4190-BB26-A17FAC3D7FEB}"
EndProject
Project("{FAE04EC0-301F-11D3-BF4B-00C04F79EFBC}") = "ASP NET 02. CoR", "ASP NET 02. CoR\ASP NET 02. CoR.csproj", "{2FAC155F-0849-47A0-A611-E44690776537}"
EndProject
Project("{FAE04EC0-301F-11D3-BF4B-00C04F79EFBC}") = "ASP NET 02. Mini ASP", "ASP NET 02. Mini ASP\ASP NET 02. Mini ASP.csproj", "{AC2BED98-4918-4B49-B5AD-E62D21F976DB}"
EndProject
Project("{FAE04EC0-301F-11D3-BF4B-00C04F79EFBC}") = "ASP NET 02. Dependency injection", "ASP NET 02. Dependency injection\ASP NET 02. Dependency injection.csproj", "{1E3C6DC0-1EB7-44F4-A687-9CC38A764F56}"
EndProject
Global
	GlobalSection(SolutionConfigurationPlatforms) = preSolution
		Debug|Any CPU = Debug|Any CPU
		Release|Any CPU = Release|Any CPU
	EndGlobalSection
	GlobalSection(ProjectConfigurationPlatforms) = postSolution
		{50C01C8B-B9B7-4C2B-85BF-CA5246ECBBD2}.Debug|Any CPU.ActiveCfg = Debug|Any CPU
		{50C01C8B-B9B7-4C2B-85BF-CA5246ECBBD2}.Debug|Any CPU.Build.0 = Debug|Any CPU
		{50C01C8B-B9B7-4C2B-85BF-CA5246ECBBD2}.Release|Any CPU.ActiveCfg = Release|Any CPU
		{50C01C8B-B9B7-4C2B-85BF-CA5246ECBBD2}.Release|Any CPU.Build.0 = Release|Any CPU
		{6DF4849A-EFBB-4892-B763-5D0106A619C1}.Debug|Any CPU.ActiveCfg = Debug|Any CPU
		{6DF4849A-EFBB-4892-B763-5D0106A619C1}.Debug|Any CPU.Build.0 = Debug|Any CPU
		{6DF4849A-EFBB-4892-B763-5D0106A619C1}.Release|Any CPU.ActiveCfg = Release|Any CPU
		{6DF4849A-EFBB-4892-B763-5D0106A619C1}.Release|Any CPU.Build.0 = Release|Any CPU
		{7DEBC650-98FA-49EB-B099-B7273A76D0CA}.Debug|Any CPU.ActiveCfg = Debug|Any CPU
		{7DEBC650-98FA-49EB-B099-B7273A76D0CA}.Debug|Any CPU.Build.0 = Debug|Any CPU
		{7DEBC650-98FA-49EB-B099-B7273A76D0CA}.Release|Any CPU.ActiveCfg = Release|Any CPU
		{7DEBC650-98FA-49EB-B099-B7273A76D0CA}.Release|Any CPU.Build.0 = Release|Any CPU
		{C465FDEF-B7D3-4190-BB26-A17FAC3D7FEB}.Debug|Any CPU.ActiveCfg = Debug|Any CPU
		{C465FDEF-B7D3-4190-BB26-A17FAC3D7FEB}.Debug|Any CPU.Build.0 = Debug|Any CPU
		{C465FDEF-B7D3-4190-BB26-A17FAC3D7FEB}.Release|Any CPU.ActiveCfg = Release|Any CPU
		{C465FDEF-B7D3-4190-BB26-A17FAC3D7FEB}.Release|Any CPU.Build.0 = Release|Any CPU
		{2FAC155F-0849-47A0-A611-E44690776537}.Debug|Any CPU.ActiveCfg = Debug|Any CPU
		{2FAC155F-0849-47A0-A611-E44690776537}.Debug|Any CPU.Build.0 = Debug|Any CPU
		{2FAC155F-0849-47A0-A611-E44690776537}.Release|Any CPU.ActiveCfg = Release|Any CPU
		{2FAC155F-0849-47A0-A611-E44690776537}.Release|Any CPU.Build.0 = Release|Any CPU
		{AC2BED98-4918-4B49-B5AD-E62D21F976DB}.Debug|Any CPU.ActiveCfg = Debug|Any CPU
		{AC2BED98-4918-4B49-B5AD-E62D21F976DB}.Debug|Any CPU.Build.0 = Debug|Any CPU
		{AC2BED98-4918-4B49-B5AD-E62D21F976DB}.Release|Any CPU.ActiveCfg = Release|Any CPU
		{AC2BED98-4918-4B49-B5AD-E62D21F976DB}.Release|Any CPU.Build.0 = Release|Any CPU
		{1E3C6DC0-1EB7-44F4-A687-9CC38A764F56}.Debug|Any CPU.ActiveCfg = Debug|Any CPU
		{1E3C6DC0-1EB7-44F4-A687-9CC38A764F56}.Debug|Any CPU.Build.0 = Debug|Any CPU
		{1E3C6DC0-1EB7-44F4-A687-9CC38A764F56}.Release|Any CPU.ActiveCfg = Release|Any CPU
		{1E3C6DC0-1EB7-44F4-A687-9CC38A764F56}.Release|Any CPU.Build.0 = Release|Any CPU
	EndGlobalSection
	GlobalSection(SolutionProperties) = preSolution
		HideSolutionNode = FALSE
	EndGlobalSection
	GlobalSection(NestedProjects) = preSolution
		{50C01C8B-B9B7-4C2B-85BF-CA5246ECBBD2} = {02EA681E-C7D8-13C7-8484-4AC65E1B71E8}
		{6DF4849A-EFBB-4892-B763-5D0106A619C1} = {02EA681E-C7D8-13C7-8484-4AC65E1B71E8}
		{7DEBC650-98FA-49EB-B099-B7273A76D0CA} = {02EA681E-C7D8-13C7-8484-4AC65E1B71E8}
		{C465FDEF-B7D3-4190-BB26-A17FAC3D7FEB} = {80F57AD4-8B06-4EAF-B05F-E57F324DF0EF}
		{2FAC155F-0849-47A0-A611-E44690776537} = {80F57AD4-8B06-4EAF-B05F-E57F324DF0EF}
		{AC2BED98-4918-4B49-B5AD-E62D21F976DB} = {80F57AD4-8B06-4EAF-B05F-E57F324DF0EF}
		{1E3C6DC0-1EB7-44F4-A687-9CC38A764F56} = {80F57AD4-8B06-4EAF-B05F-E57F324DF0EF}
	EndGlobalSection
	GlobalSection(ExtensibilityGlobals) = postSolution
		SolutionGuid = {497B41C6-99E9-4EFF-B1E0-382CB277FD5D}
	EndGlobalSection
EndGlobal
